// !$*UTF8*$!
{
	archiveVersion = 1;
	classes = {
	};
	objectVersion = 55;
	objects = {

/* Begin PBXBuildFile section */
		250829A527F1B9C4006CD4FD /* Harvester in Frameworks */ = {isa = PBXBuildFile; productRef = 250829A427F1B9C4006CD4FD /* Harvester */; };
		250B7E8B27E9E8240096E7A9 /* GoogleService-Info.plist in Resources */ = {isa = PBXBuildFile; fileRef = 250B7E8A27E9E8240096E7A9 /* GoogleService-Info.plist */; };
		250B7E8E27E9F2750096E7A9 /* User.swift in Sources */ = {isa = PBXBuildFile; fileRef = 250B7E8D27E9F2750096E7A9 /* User.swift */; };
		250B7E9D27EA2C2A0096E7A9 /* MSAL in Frameworks */ = {isa = PBXBuildFile; productRef = 250B7E9C27EA2C2A0096E7A9 /* MSAL */; };
		250B7EA027EA2C5A0096E7A9 /* SwiftKeychainWrapper in Frameworks */ = {isa = PBXBuildFile; productRef = 250B7E9F27EA2C5A0096E7A9 /* SwiftKeychainWrapper */; };
		250B7EA327EA2CE90096E7A9 /* FirebaseAnalytics in Frameworks */ = {isa = PBXBuildFile; productRef = 250B7EA227EA2CE90096E7A9 /* FirebaseAnalytics */; };
		250B7EA527EA2CE90096E7A9 /* FirebaseAnalyticsSwift-Beta in Frameworks */ = {isa = PBXBuildFile; productRef = 250B7EA427EA2CE90096E7A9 /* FirebaseAnalyticsSwift-Beta */; };
		250B7EA727EA2CE90096E7A9 /* FirebaseDatabase in Frameworks */ = {isa = PBXBuildFile; productRef = 250B7EA627EA2CE90096E7A9 /* FirebaseDatabase */; };
		250B7EA927EA2CE90096E7A9 /* FirebaseDatabaseSwift-Beta in Frameworks */ = {isa = PBXBuildFile; productRef = 250B7EA827EA2CE90096E7A9 /* FirebaseDatabaseSwift-Beta */; };
		250B7EAB27EA2CE90096E7A9 /* FirebaseFirestore in Frameworks */ = {isa = PBXBuildFile; productRef = 250B7EAA27EA2CE90096E7A9 /* FirebaseFirestore */; };
		250B7EAE27EA2E720096E7A9 /* KVKCalendar in Frameworks */ = {isa = PBXBuildFile; productRef = 250B7EAD27EA2E720096E7A9 /* KVKCalendar */; };
		250B7EB027EA3DD40096E7A9 /* ApiService.swift in Sources */ = {isa = PBXBuildFile; fileRef = 250B7EAF27EA3DD40096E7A9 /* ApiService.swift */; };
		250B7EB227EA3EB30096E7A9 /* ProfileViewModel.swift in Sources */ = {isa = PBXBuildFile; fileRef = 250B7EB127EA3EB30096E7A9 /* ProfileViewModel.swift */; };
		2514F38A28057B2C004BEB46 /* PDF-Generator in Frameworks */ = {isa = PBXBuildFile; productRef = 2514F38928057B2C004BEB46 /* PDF-Generator */; };
		2514F38E2805C332004BEB46 /* LoginViewController.swift in Sources */ = {isa = PBXBuildFile; fileRef = 2514F38D2805C332004BEB46 /* LoginViewController.swift */; };
		2577628227DF5201009BE492 /* Cairo-Regular.ttf in Resources */ = {isa = PBXBuildFile; fileRef = 2577628027DF5201009BE492 /* Cairo-Regular.ttf */; };
		2577628327DF5201009BE492 /* Cairo-Bold.ttf in Resources */ = {isa = PBXBuildFile; fileRef = 2577628127DF5201009BE492 /* Cairo-Bold.ttf */; };
		2588B27A27E099D300E29201 /* Constants.swift in Sources */ = {isa = PBXBuildFile; fileRef = 2588B27927E099D300E29201 /* Constants.swift */; };
		2588B28427E0EB4B00E29201 /* CalendarCell.swift in Sources */ = {isa = PBXBuildFile; fileRef = 2588B28327E0EB4B00E29201 /* CalendarCell.swift */; };
		2588B28727E0EE1A00E29201 /* CalendarHelper.swift in Sources */ = {isa = PBXBuildFile; fileRef = 2588B28627E0EE1A00E29201 /* CalendarHelper.swift */; };
		2588B28927E0F6FF00E29201 /* WeeklyViewController.swift in Sources */ = {isa = PBXBuildFile; fileRef = 2588B28827E0F6FF00E29201 /* WeeklyViewController.swift */; };
		2588B28B27E0FF7A00E29201 /* EventEditViewController.swift in Sources */ = {isa = PBXBuildFile; fileRef = 2588B28A27E0FF7A00E29201 /* EventEditViewController.swift */; };
		2588B28F27E103E500E29201 /* Event.swift in Sources */ = {isa = PBXBuildFile; fileRef = 2588B28E27E103E500E29201 /* Event.swift */; };
		258BB65527EB7517001288C5 /* UserManager.swift in Sources */ = {isa = PBXBuildFile; fileRef = 258BB65427EB7517001288C5 /* UserManager.swift */; };
		258BBC2427E20C98008B23CE /* MoreCollectionViewCell.xib in Resources */ = {isa = PBXBuildFile; fileRef = 258BBC2327E20C98008B23CE /* MoreCollectionViewCell.xib */; };
		258BBC2627E20CC8008B23CE /* MoreCollectionViewCell.swift in Sources */ = {isa = PBXBuildFile; fileRef = 258BBC2527E20CC8008B23CE /* MoreCollectionViewCell.swift */; };
		258BBC2827E20FF1008B23CE /* MoreViewController.swift in Sources */ = {isa = PBXBuildFile; fileRef = 258BBC2727E20FF1008B23CE /* MoreViewController.swift */; };
		258BBC2F27E22BD8008B23CE /* ProfileViewController.swift in Sources */ = {isa = PBXBuildFile; fileRef = 258BBC2E27E22BD8008B23CE /* ProfileViewController.swift */; };
		258D6ADB27F4933E00E7D7BA /* TaskView.swift in Sources */ = {isa = PBXBuildFile; fileRef = 258D6ADA27F4933E00E7D7BA /* TaskView.swift */; };
		258D6ADD27F4980700E7D7BA /* TaskCardView.swift in Sources */ = {isa = PBXBuildFile; fileRef = 258D6ADC27F4980700E7D7BA /* TaskCardView.swift */; };
		258D6ADF27F49A1500E7D7BA /* ExpensesViewController.swift in Sources */ = {isa = PBXBuildFile; fileRef = 258D6ADE27F49A1500E7D7BA /* ExpensesViewController.swift */; };
		258D6AE227F5F95300E7D7BA /* NewInvoiceViewController.swift in Sources */ = {isa = PBXBuildFile; fileRef = 258D6AE127F5F95300E7D7BA /* NewInvoiceViewController.swift */; };
		258D6AE427FB149200E7D7BA /* Invoice.swift in Sources */ = {isa = PBXBuildFile; fileRef = 258D6AE327FB149200E7D7BA /* Invoice.swift */; };
		258D6AE927FC4D8400E7D7BA /* InvoiceTableViewCell.xib in Resources */ = {isa = PBXBuildFile; fileRef = 258D6AE827FC4D8400E7D7BA /* InvoiceTableViewCell.xib */; };
		258D6AEB27FC512700E7D7BA /* InvoiceTableViewCell.swift in Sources */ = {isa = PBXBuildFile; fileRef = 258D6AEA27FC512700E7D7BA /* InvoiceTableViewCell.swift */; };
		258D6AED27FC99DF00E7D7BA /* InvoiceViewController.swift in Sources */ = {isa = PBXBuildFile; fileRef = 258D6AEC27FC99DF00E7D7BA /* InvoiceViewController.swift */; };
		25A0B49728197C6C001E45BD /* ClientTableViewCell.xib in Resources */ = {isa = PBXBuildFile; fileRef = 25A0B49628197C6C001E45BD /* ClientTableViewCell.xib */; };
		25A0B49928197D7E001E45BD /* ClientTableViewCell.swift in Sources */ = {isa = PBXBuildFile; fileRef = 25A0B49828197D7E001E45BD /* ClientTableViewCell.swift */; };
		25C1944927DFA34B00977C49 /* CalendarViewController.swift in Sources */ = {isa = PBXBuildFile; fileRef = 25C1944827DFA34B00977C49 /* CalendarViewController.swift */; };
		25D758C5280EAFE200BE4C48 /* EventTableViewCell.xib in Resources */ = {isa = PBXBuildFile; fileRef = 25D758C4280EAFE200BE4C48 /* EventTableViewCell.xib */; };
		25D758C7280EB1A400BE4C48 /* EventTableViewCell.swift in Sources */ = {isa = PBXBuildFile; fileRef = 25D758C6280EB1A400BE4C48 /* EventTableViewCell.swift */; };
		25D758CA281841E300BE4C48 /* ContactAdminViewController.swift in Sources */ = {isa = PBXBuildFile; fileRef = 25D758C9281841E300BE4C48 /* ContactAdminViewController.swift */; };
		25D758CD281941C600BE4C48 /* ClientViewController.swift in Sources */ = {isa = PBXBuildFile; fileRef = 25D758CC281941C600BE4C48 /* ClientViewController.swift */; };
		25D758CF28195C7800BE4C48 /* Client.swift in Sources */ = {isa = PBXBuildFile; fileRef = 25D758CE28195C7800BE4C48 /* Client.swift */; };
		25DA18F027F1C9BD006821C3 /* test.swift in Sources */ = {isa = PBXBuildFile; fileRef = 25DA18EF27F1C9BD006821C3 /* test.swift */; };
		25DA18F227F1D0FB006821C3 /* TaskViewModel.swift in Sources */ = {isa = PBXBuildFile; fileRef = 25DA18F127F1D0FB006821C3 /* TaskViewModel.swift */; };
		25DA18F527F1D79B006821C3 /* Task.swift in Sources */ = {isa = PBXBuildFile; fileRef = 25DA18F427F1D79B006821C3 /* Task.swift */; };
		25E3E2A627DA655200104852 /* AppDelegate.swift in Sources */ = {isa = PBXBuildFile; fileRef = 25E3E2A527DA655200104852 /* AppDelegate.swift */; };
		25E3E2A827DA655200104852 /* SceneDelegate.swift in Sources */ = {isa = PBXBuildFile; fileRef = 25E3E2A727DA655200104852 /* SceneDelegate.swift */; };
		25E3E2AD27DA655200104852 /* Main.storyboard in Resources */ = {isa = PBXBuildFile; fileRef = 25E3E2AB27DA655200104852 /* Main.storyboard */; };
		25E3E2B027DA655200104852 /* mw_Harvest.xcdatamodeld in Sources */ = {isa = PBXBuildFile; fileRef = 25E3E2AE27DA655200104852 /* mw_Harvest.xcdatamodeld */; };
		25E3E2B227DA655300104852 /* Assets.xcassets in Resources */ = {isa = PBXBuildFile; fileRef = 25E3E2B127DA655300104852 /* Assets.xcassets */; };
		25E3E2B527DA655300104852 /* LaunchScreen.storyboard in Resources */ = {isa = PBXBuildFile; fileRef = 25E3E2B327DA655300104852 /* LaunchScreen.storyboard */; };
		25E3E2C027DA655300104852 /* mw_HarvestTests.swift in Sources */ = {isa = PBXBuildFile; fileRef = 25E3E2BF27DA655300104852 /* mw_HarvestTests.swift */; };
		25E3E2CA27DA655300104852 /* mw_HarvestUITests.swift in Sources */ = {isa = PBXBuildFile; fileRef = 25E3E2C927DA655300104852 /* mw_HarvestUITests.swift */; };
		25E3E2CC27DA655300104852 /* mw_HarvestUITestsLaunchTests.swift in Sources */ = {isa = PBXBuildFile; fileRef = 25E3E2CB27DA655300104852 /* mw_HarvestUITestsLaunchTests.swift */; };
		25F50E3627F3496000A01228 /* testView.swift in Sources */ = {isa = PBXBuildFile; fileRef = 25F50E3527F3496000A01228 /* testView.swift */; };
/* End PBXBuildFile section */

/* Begin PBXContainerItemProxy section */
		25E3E2BC27DA655300104852 /* PBXContainerItemProxy */ = {
			isa = PBXContainerItemProxy;
			containerPortal = 25E3E29A27DA655100104852 /* Project object */;
			proxyType = 1;
			remoteGlobalIDString = 25E3E2A127DA655100104852;
			remoteInfo = "mw-Harvest";
		};
		25E3E2C627DA655300104852 /* PBXContainerItemProxy */ = {
			isa = PBXContainerItemProxy;
			containerPortal = 25E3E29A27DA655100104852 /* Project object */;
			proxyType = 1;
			remoteGlobalIDString = 25E3E2A127DA655100104852;
			remoteInfo = "mw-Harvest";
		};
/* End PBXContainerItemProxy section */

/* Begin PBXFileReference section */
		250B7E8A27E9E8240096E7A9 /* GoogleService-Info.plist */ = {isa = PBXFileReference; fileEncoding = 4; lastKnownFileType = text.plist.xml; name = "GoogleService-Info.plist"; path = "../../../Downloads/GoogleService-Info.plist"; sourceTree = "<group>"; };
		250B7E8D27E9F2750096E7A9 /* User.swift */ = {isa = PBXFileReference; lastKnownFileType = sourcecode.swift; path = User.swift; sourceTree = "<group>"; };
		250B7EAF27EA3DD40096E7A9 /* ApiService.swift */ = {isa = PBXFileReference; lastKnownFileType = sourcecode.swift; path = ApiService.swift; sourceTree = "<group>"; };
		250B7EB127EA3EB30096E7A9 /* ProfileViewModel.swift */ = {isa = PBXFileReference; lastKnownFileType = sourcecode.swift; path = ProfileViewModel.swift; sourceTree = "<group>"; };
		2514F38D2805C332004BEB46 /* LoginViewController.swift */ = {isa = PBXFileReference; fileEncoding = 4; lastKnownFileType = sourcecode.swift; path = LoginViewController.swift; sourceTree = "<group>"; };
		2577628027DF5201009BE492 /* Cairo-Regular.ttf */ = {isa = PBXFileReference; lastKnownFileType = file; path = "Cairo-Regular.ttf"; sourceTree = "<group>"; };
		2577628127DF5201009BE492 /* Cairo-Bold.ttf */ = {isa = PBXFileReference; lastKnownFileType = file; path = "Cairo-Bold.ttf"; sourceTree = "<group>"; };
		2588B27927E099D300E29201 /* Constants.swift */ = {isa = PBXFileReference; lastKnownFileType = sourcecode.swift; path = Constants.swift; sourceTree = "<group>"; };
		2588B28327E0EB4B00E29201 /* CalendarCell.swift */ = {isa = PBXFileReference; lastKnownFileType = sourcecode.swift; path = CalendarCell.swift; sourceTree = "<group>"; };
		2588B28627E0EE1A00E29201 /* CalendarHelper.swift */ = {isa = PBXFileReference; lastKnownFileType = sourcecode.swift; path = CalendarHelper.swift; sourceTree = "<group>"; };
		2588B28827E0F6FF00E29201 /* WeeklyViewController.swift */ = {isa = PBXFileReference; lastKnownFileType = sourcecode.swift; path = WeeklyViewController.swift; sourceTree = "<group>"; };
		2588B28A27E0FF7A00E29201 /* EventEditViewController.swift */ = {isa = PBXFileReference; lastKnownFileType = sourcecode.swift; path = EventEditViewController.swift; sourceTree = "<group>"; };
		2588B28E27E103E500E29201 /* Event.swift */ = {isa = PBXFileReference; lastKnownFileType = sourcecode.swift; path = Event.swift; sourceTree = "<group>"; };
		258BB65427EB7517001288C5 /* UserManager.swift */ = {isa = PBXFileReference; lastKnownFileType = sourcecode.swift; path = UserManager.swift; sourceTree = "<group>"; };
		258BBC2327E20C98008B23CE /* MoreCollectionViewCell.xib */ = {isa = PBXFileReference; lastKnownFileType = file.xib; path = MoreCollectionViewCell.xib; sourceTree = "<group>"; };
		258BBC2527E20CC8008B23CE /* MoreCollectionViewCell.swift */ = {isa = PBXFileReference; lastKnownFileType = sourcecode.swift; path = MoreCollectionViewCell.swift; sourceTree = "<group>"; };
		258BBC2727E20FF1008B23CE /* MoreViewController.swift */ = {isa = PBXFileReference; lastKnownFileType = sourcecode.swift; path = MoreViewController.swift; sourceTree = "<group>"; };
		258BBC2E27E22BD8008B23CE /* ProfileViewController.swift */ = {isa = PBXFileReference; lastKnownFileType = sourcecode.swift; path = ProfileViewController.swift; sourceTree = "<group>"; };
		258D6ADA27F4933E00E7D7BA /* TaskView.swift */ = {isa = PBXFileReference; lastKnownFileType = sourcecode.swift; path = TaskView.swift; sourceTree = "<group>"; };
		258D6ADC27F4980700E7D7BA /* TaskCardView.swift */ = {isa = PBXFileReference; lastKnownFileType = sourcecode.swift; path = TaskCardView.swift; sourceTree = "<group>"; };
		258D6ADE27F49A1500E7D7BA /* ExpensesViewController.swift */ = {isa = PBXFileReference; lastKnownFileType = sourcecode.swift; path = ExpensesViewController.swift; sourceTree = "<group>"; };
		258D6AE127F5F95300E7D7BA /* NewInvoiceViewController.swift */ = {isa = PBXFileReference; lastKnownFileType = sourcecode.swift; path = NewInvoiceViewController.swift; sourceTree = "<group>"; };
		258D6AE327FB149200E7D7BA /* Invoice.swift */ = {isa = PBXFileReference; lastKnownFileType = sourcecode.swift; path = Invoice.swift; sourceTree = "<group>"; };
		258D6AE827FC4D8400E7D7BA /* InvoiceTableViewCell.xib */ = {isa = PBXFileReference; lastKnownFileType = file.xib; path = InvoiceTableViewCell.xib; sourceTree = "<group>"; };
		258D6AEA27FC512700E7D7BA /* InvoiceTableViewCell.swift */ = {isa = PBXFileReference; lastKnownFileType = sourcecode.swift; path = InvoiceTableViewCell.swift; sourceTree = "<group>"; };
		258D6AEC27FC99DF00E7D7BA /* InvoiceViewController.swift */ = {isa = PBXFileReference; lastKnownFileType = sourcecode.swift; path = InvoiceViewController.swift; sourceTree = "<group>"; };
		25A0B49628197C6C001E45BD /* ClientTableViewCell.xib */ = {isa = PBXFileReference; lastKnownFileType = file.xib; path = ClientTableViewCell.xib; sourceTree = "<group>"; };
		25A0B49828197D7E001E45BD /* ClientTableViewCell.swift */ = {isa = PBXFileReference; lastKnownFileType = sourcecode.swift; path = ClientTableViewCell.swift; sourceTree = "<group>"; };
		25C1944827DFA34B00977C49 /* CalendarViewController.swift */ = {isa = PBXFileReference; lastKnownFileType = sourcecode.swift; path = CalendarViewController.swift; sourceTree = "<group>"; };
		25D758C4280EAFE200BE4C48 /* EventTableViewCell.xib */ = {isa = PBXFileReference; lastKnownFileType = file.xib; path = EventTableViewCell.xib; sourceTree = "<group>"; };
		25D758C6280EB1A400BE4C48 /* EventTableViewCell.swift */ = {isa = PBXFileReference; lastKnownFileType = sourcecode.swift; path = EventTableViewCell.swift; sourceTree = "<group>"; };
		25D758C9281841E300BE4C48 /* ContactAdminViewController.swift */ = {isa = PBXFileReference; lastKnownFileType = sourcecode.swift; path = ContactAdminViewController.swift; sourceTree = "<group>"; };
		25D758CC281941C600BE4C48 /* ClientViewController.swift */ = {isa = PBXFileReference; lastKnownFileType = sourcecode.swift; path = ClientViewController.swift; sourceTree = "<group>"; };
		25D758CE28195C7800BE4C48 /* Client.swift */ = {isa = PBXFileReference; lastKnownFileType = sourcecode.swift; path = Client.swift; sourceTree = "<group>"; };
		25DA18EF27F1C9BD006821C3 /* test.swift */ = {isa = PBXFileReference; lastKnownFileType = sourcecode.swift; path = test.swift; sourceTree = "<group>"; };
		25DA18F127F1D0FB006821C3 /* TaskViewModel.swift */ = {isa = PBXFileReference; lastKnownFileType = sourcecode.swift; path = TaskViewModel.swift; sourceTree = "<group>"; };
		25DA18F427F1D79B006821C3 /* Task.swift */ = {isa = PBXFileReference; lastKnownFileType = sourcecode.swift; path = Task.swift; sourceTree = "<group>"; };
		25E3E2A227DA655100104852 /* mw-Harvest.app */ = {isa = PBXFileReference; explicitFileType = wrapper.application; includeInIndex = 0; path = "mw-Harvest.app"; sourceTree = BUILT_PRODUCTS_DIR; };
		25E3E2A527DA655200104852 /* AppDelegate.swift */ = {isa = PBXFileReference; lastKnownFileType = sourcecode.swift; path = AppDelegate.swift; sourceTree = "<group>"; };
		25E3E2A727DA655200104852 /* SceneDelegate.swift */ = {isa = PBXFileReference; lastKnownFileType = sourcecode.swift; path = SceneDelegate.swift; sourceTree = "<group>"; };
		25E3E2AC27DA655200104852 /* Base */ = {isa = PBXFileReference; lastKnownFileType = file.storyboard; name = Base; path = Base.lproj/Main.storyboard; sourceTree = "<group>"; };
		25E3E2AF27DA655200104852 /* mw_Harvest.xcdatamodel */ = {isa = PBXFileReference; lastKnownFileType = wrapper.xcdatamodel; path = mw_Harvest.xcdatamodel; sourceTree = "<group>"; };
		25E3E2B127DA655300104852 /* Assets.xcassets */ = {isa = PBXFileReference; lastKnownFileType = folder.assetcatalog; path = Assets.xcassets; sourceTree = "<group>"; };
		25E3E2B427DA655300104852 /* Base */ = {isa = PBXFileReference; lastKnownFileType = file.storyboard; name = Base; path = Base.lproj/LaunchScreen.storyboard; sourceTree = "<group>"; };
		25E3E2B627DA655300104852 /* Info.plist */ = {isa = PBXFileReference; lastKnownFileType = text.plist.xml; path = Info.plist; sourceTree = "<group>"; };
		25E3E2BB27DA655300104852 /* mw-HarvestTests.xctest */ = {isa = PBXFileReference; explicitFileType = wrapper.cfbundle; includeInIndex = 0; path = "mw-HarvestTests.xctest"; sourceTree = BUILT_PRODUCTS_DIR; };
		25E3E2BF27DA655300104852 /* mw_HarvestTests.swift */ = {isa = PBXFileReference; lastKnownFileType = sourcecode.swift; path = mw_HarvestTests.swift; sourceTree = "<group>"; };
		25E3E2C527DA655300104852 /* mw-HarvestUITests.xctest */ = {isa = PBXFileReference; explicitFileType = wrapper.cfbundle; includeInIndex = 0; path = "mw-HarvestUITests.xctest"; sourceTree = BUILT_PRODUCTS_DIR; };
		25E3E2C927DA655300104852 /* mw_HarvestUITests.swift */ = {isa = PBXFileReference; lastKnownFileType = sourcecode.swift; path = mw_HarvestUITests.swift; sourceTree = "<group>"; };
		25E3E2CB27DA655300104852 /* mw_HarvestUITestsLaunchTests.swift */ = {isa = PBXFileReference; lastKnownFileType = sourcecode.swift; path = mw_HarvestUITestsLaunchTests.swift; sourceTree = "<group>"; };
		25F50E3527F3496000A01228 /* testView.swift */ = {isa = PBXFileReference; lastKnownFileType = sourcecode.swift; path = testView.swift; sourceTree = "<group>"; };
/* End PBXFileReference section */

/* Begin PBXFrameworksBuildPhase section */
		25E3E29F27DA655100104852 /* Frameworks */ = {
			isa = PBXFrameworksBuildPhase;
			buildActionMask = 2147483647;
			files = (
				250B7EA927EA2CE90096E7A9 /* FirebaseDatabaseSwift-Beta in Frameworks */,
				250B7EAE27EA2E720096E7A9 /* KVKCalendar in Frameworks */,
				250B7EA727EA2CE90096E7A9 /* FirebaseDatabase in Frameworks */,
				250B7EA027EA2C5A0096E7A9 /* SwiftKeychainWrapper in Frameworks */,
				250B7E9D27EA2C2A0096E7A9 /* MSAL in Frameworks */,
				250B7EA527EA2CE90096E7A9 /* FirebaseAnalyticsSwift-Beta in Frameworks */,
				250829A527F1B9C4006CD4FD /* Harvester in Frameworks */,
				250B7EA327EA2CE90096E7A9 /* FirebaseAnalytics in Frameworks */,
				250B7EAB27EA2CE90096E7A9 /* FirebaseFirestore in Frameworks */,
				2514F38A28057B2C004BEB46 /* PDF-Generator in Frameworks */,
			);
			runOnlyForDeploymentPostprocessing = 0;
		};
		25E3E2B827DA655300104852 /* Frameworks */ = {
			isa = PBXFrameworksBuildPhase;
			buildActionMask = 2147483647;
			files = (
			);
			runOnlyForDeploymentPostprocessing = 0;
		};
		25E3E2C227DA655300104852 /* Frameworks */ = {
			isa = PBXFrameworksBuildPhase;
			buildActionMask = 2147483647;
			files = (
			);
			runOnlyForDeploymentPostprocessing = 0;
		};
/* End PBXFrameworksBuildPhase section */

/* Begin PBXGroup section */
		2514F38C2805C2F1004BEB46 /* LoginController */ = {
			isa = PBXGroup;
			children = (
				2514F38D2805C332004BEB46 /* LoginViewController.swift */,
			);
			path = LoginController;
			sourceTree = "<group>";
		};
		2577627F27DF5201009BE492 /* fonts */ = {
			isa = PBXGroup;
			children = (
				2577628027DF5201009BE492 /* Cairo-Regular.ttf */,
				2577628127DF5201009BE492 /* Cairo-Bold.ttf */,
			);
			path = fonts;
			sourceTree = "<group>";
		};
		2588B27827E099A600E29201 /* Utils */ = {
			isa = PBXGroup;
			children = (
				2588B27927E099D300E29201 /* Constants.swift */,
			);
			path = Utils;
			sourceTree = "<group>";
		};
		2588B27E27E0BF1D00E29201 /* CalendarController */ = {
			isa = PBXGroup;
			children = (
				25C1944827DFA34B00977C49 /* CalendarViewController.swift */,
				2588B28327E0EB4B00E29201 /* CalendarCell.swift */,
				2588B28627E0EE1A00E29201 /* CalendarHelper.swift */,
				2588B28827E0F6FF00E29201 /* WeeklyViewController.swift */,
				2588B28A27E0FF7A00E29201 /* EventEditViewController.swift */,
			);
			path = CalendarController;
			sourceTree = "<group>";
		};
		258BBC2927E22739008B23CE /* Storyboards */ = {
			isa = PBXGroup;
			children = (
				25E3E2AB27DA655200104852 /* Main.storyboard */,
				25E3E2B327DA655300104852 /* LaunchScreen.storyboard */,
				258D6AE527FC4D1700E7D7BA /* Cells */,
			);
			path = Storyboards;
			sourceTree = "<group>";
		};
		258BBC2A27E22BA3008B23CE /* ProfilController */ = {
			isa = PBXGroup;
			children = (
				258BBC2E27E22BD8008B23CE /* ProfileViewController.swift */,
				250B7EAF27EA3DD40096E7A9 /* ApiService.swift */,
				250B7EB127EA3EB30096E7A9 /* ProfileViewModel.swift */,
			);
			path = ProfilController;
			sourceTree = "<group>";
		};
		258D6AE027F5F93700E7D7BA /* ExpensesController */ = {
			isa = PBXGroup;
			children = (
				258D6ADE27F49A1500E7D7BA /* ExpensesViewController.swift */,
				258D6AE127F5F95300E7D7BA /* NewInvoiceViewController.swift */,
				258D6AEC27FC99DF00E7D7BA /* InvoiceViewController.swift */,
			);
			path = ExpensesController;
			sourceTree = "<group>";
		};
		258D6AE527FC4D1700E7D7BA /* Cells */ = {
			isa = PBXGroup;
			children = (
				25D758C6280EB1A400BE4C48 /* EventTableViewCell.swift */,
				258BBC2527E20CC8008B23CE /* MoreCollectionViewCell.swift */,
				258D6AEA27FC512700E7D7BA /* InvoiceTableViewCell.swift */,
				25A0B49828197D7E001E45BD /* ClientTableViewCell.swift */,
				258BBC2327E20C98008B23CE /* MoreCollectionViewCell.xib */,
				258D6AE827FC4D8400E7D7BA /* InvoiceTableViewCell.xib */,
				25D758C4280EAFE200BE4C48 /* EventTableViewCell.xib */,
				25A0B49628197C6C001E45BD /* ClientTableViewCell.xib */,
				25D758D428195F4100BE4C48 /* XiB */,
			);
			path = Cells;
			sourceTree = "<group>";
		};
		25D758C8281841CB00BE4C48 /* ContactController */ = {
			isa = PBXGroup;
			children = (
				25D758C9281841E300BE4C48 /* ContactAdminViewController.swift */,
			);
			path = ContactController;
			sourceTree = "<group>";
		};
		25D758CB281941A200BE4C48 /* ClientController */ = {
			isa = PBXGroup;
			children = (
				25D758CC281941C600BE4C48 /* ClientViewController.swift */,
			);
			path = ClientController;
			sourceTree = "<group>";
		};
		25D758D428195F4100BE4C48 /* XiB */ = {
			isa = PBXGroup;
			children = (
			);
			path = XiB;
			sourceTree = "<group>";
		};
		25E3E29927DA655100104852 = {
			isa = PBXGroup;
			children = (
				25E3E2A427DA655200104852 /* mw-Harvest */,
				25E3E2BE27DA655300104852 /* mw-HarvestTests */,
				25E3E2C827DA655300104852 /* mw-HarvestUITests */,
				25E3E2A327DA655100104852 /* Products */,
				EE29692C6AA0AC84E9D6847F /* Pods */,
			);
			sourceTree = "<group>";
		};
		25E3E2A327DA655100104852 /* Products */ = {
			isa = PBXGroup;
			children = (
				25E3E2A227DA655100104852 /* mw-Harvest.app */,
				25E3E2BB27DA655300104852 /* mw-HarvestTests.xctest */,
				25E3E2C527DA655300104852 /* mw-HarvestUITests.xctest */,
			);
			name = Products;
			sourceTree = "<group>";
		};
		25E3E2A427DA655200104852 /* mw-Harvest */ = {
			isa = PBXGroup;
			children = (
				2588B27827E099A600E29201 /* Utils */,
				25E3E2D827DA659100104852 /* Model */,
				25E3E2DA27DA65A100104852 /* Controller */,
				258BBC2727E20FF1008B23CE /* MoreViewController.swift */,
				25E3E2D927DA659A00104852 /* View */,
				25E3E2A527DA655200104852 /* AppDelegate.swift */,
				25E3E2A727DA655200104852 /* SceneDelegate.swift */,
				25E3E2B127DA655300104852 /* Assets.xcassets */,
				2577627F27DF5201009BE492 /* fonts */,
				25E3E2B627DA655300104852 /* Info.plist */,
				25E3E2AE27DA655200104852 /* mw_Harvest.xcdatamodeld */,
				250B7E8A27E9E8240096E7A9 /* GoogleService-Info.plist */,
				25DA18EF27F1C9BD006821C3 /* test.swift */,
				25DA18F127F1D0FB006821C3 /* TaskViewModel.swift */,
				25DA18F427F1D79B006821C3 /* Task.swift */,
				25F50E3527F3496000A01228 /* testView.swift */,
				258D6ADA27F4933E00E7D7BA /* TaskView.swift */,
				258D6ADC27F4980700E7D7BA /* TaskCardView.swift */,
			);
			path = "mw-Harvest";
			sourceTree = "<group>";
		};
		25E3E2BE27DA655300104852 /* mw-HarvestTests */ = {
			isa = PBXGroup;
			children = (
				25E3E2BF27DA655300104852 /* mw_HarvestTests.swift */,
			);
			path = "mw-HarvestTests";
			sourceTree = "<group>";
		};
		25E3E2C827DA655300104852 /* mw-HarvestUITests */ = {
			isa = PBXGroup;
			children = (
				25E3E2C927DA655300104852 /* mw_HarvestUITests.swift */,
				25E3E2CB27DA655300104852 /* mw_HarvestUITestsLaunchTests.swift */,
			);
			path = "mw-HarvestUITests";
			sourceTree = "<group>";
		};
		25E3E2D827DA659100104852 /* Model */ = {
			isa = PBXGroup;
			children = (
				258BB65427EB7517001288C5 /* UserManager.swift */,
				250B7E8D27E9F2750096E7A9 /* User.swift */,
				258D6AE327FB149200E7D7BA /* Invoice.swift */,
				2588B28E27E103E500E29201 /* Event.swift */,
				25D758CE28195C7800BE4C48 /* Client.swift */,
			);
			path = Model;
			sourceTree = "<group>";
		};
		25E3E2D927DA659A00104852 /* View */ = {
			isa = PBXGroup;
			children = (
				258BBC2927E22739008B23CE /* Storyboards */,
			);
			path = View;
			sourceTree = "<group>";
		};
		25E3E2DA27DA65A100104852 /* Controller */ = {
			isa = PBXGroup;
			children = (
				25D758CB281941A200BE4C48 /* ClientController */,
				25D758C8281841CB00BE4C48 /* ContactController */,
				258D6AE027F5F93700E7D7BA /* ExpensesController */,
				258BBC2A27E22BA3008B23CE /* ProfilController */,
				2588B27E27E0BF1D00E29201 /* CalendarController */,
				2514F38C2805C2F1004BEB46 /* LoginController */,
			);
			path = Controller;
			sourceTree = "<group>";
		};
		EE29692C6AA0AC84E9D6847F /* Pods */ = {
			isa = PBXGroup;
			children = (
			);
			path = Pods;
			sourceTree = "<group>";
		};
/* End PBXGroup section */

/* Begin PBXNativeTarget section */
		25E3E2A127DA655100104852 /* mw-Harvest */ = {
			isa = PBXNativeTarget;
			buildConfigurationList = 25E3E2CF27DA655400104852 /* Build configuration list for PBXNativeTarget "mw-Harvest" */;
			buildPhases = (
				25E3E29E27DA655100104852 /* Sources */,
				25E3E29F27DA655100104852 /* Frameworks */,
				25E3E2A027DA655100104852 /* Resources */,
			);
			buildRules = (
			);
			dependencies = (
			);
			name = "mw-Harvest";
			packageProductDependencies = (
				250B7E9C27EA2C2A0096E7A9 /* MSAL */,
				250B7E9F27EA2C5A0096E7A9 /* SwiftKeychainWrapper */,
				250B7EA227EA2CE90096E7A9 /* FirebaseAnalytics */,
				250B7EA427EA2CE90096E7A9 /* FirebaseAnalyticsSwift-Beta */,
				250B7EA627EA2CE90096E7A9 /* FirebaseDatabase */,
				250B7EA827EA2CE90096E7A9 /* FirebaseDatabaseSwift-Beta */,
				250B7EAA27EA2CE90096E7A9 /* FirebaseFirestore */,
				250B7EAD27EA2E720096E7A9 /* KVKCalendar */,
				250829A427F1B9C4006CD4FD /* Harvester */,
				2514F38928057B2C004BEB46 /* PDF-Generator */,
			);
			productName = "mw-Harvest";
			productReference = 25E3E2A227DA655100104852 /* mw-Harvest.app */;
			productType = "com.apple.product-type.application";
		};
		25E3E2BA27DA655300104852 /* mw-HarvestTests */ = {
			isa = PBXNativeTarget;
			buildConfigurationList = 25E3E2D227DA655400104852 /* Build configuration list for PBXNativeTarget "mw-HarvestTests" */;
			buildPhases = (
				25E3E2B727DA655300104852 /* Sources */,
				25E3E2B827DA655300104852 /* Frameworks */,
				25E3E2B927DA655300104852 /* Resources */,
			);
			buildRules = (
			);
			dependencies = (
				25E3E2BD27DA655300104852 /* PBXTargetDependency */,
			);
			name = "mw-HarvestTests";
			productName = "mw-HarvestTests";
			productReference = 25E3E2BB27DA655300104852 /* mw-HarvestTests.xctest */;
			productType = "com.apple.product-type.bundle.unit-test";
		};
		25E3E2C427DA655300104852 /* mw-HarvestUITests */ = {
			isa = PBXNativeTarget;
			buildConfigurationList = 25E3E2D527DA655400104852 /* Build configuration list for PBXNativeTarget "mw-HarvestUITests" */;
			buildPhases = (
				25E3E2C127DA655300104852 /* Sources */,
				25E3E2C227DA655300104852 /* Frameworks */,
				25E3E2C327DA655300104852 /* Resources */,
			);
			buildRules = (
			);
			dependencies = (
				25E3E2C727DA655300104852 /* PBXTargetDependency */,
			);
			name = "mw-HarvestUITests";
			productName = "mw-HarvestUITests";
			productReference = 25E3E2C527DA655300104852 /* mw-HarvestUITests.xctest */;
			productType = "com.apple.product-type.bundle.ui-testing";
		};
/* End PBXNativeTarget section */

/* Begin PBXProject section */
		25E3E29A27DA655100104852 /* Project object */ = {
			isa = PBXProject;
			attributes = {
				BuildIndependentTargetsInParallel = 1;
				LastSwiftUpdateCheck = 1330;
				LastUpgradeCheck = 1330;
				TargetAttributes = {
					25E3E2A127DA655100104852 = {
						CreatedOnToolsVersion = 13.3;
					};
					25E3E2BA27DA655300104852 = {
						CreatedOnToolsVersion = 13.3;
						TestTargetID = 25E3E2A127DA655100104852;
					};
					25E3E2C427DA655300104852 = {
						CreatedOnToolsVersion = 13.3;
						TestTargetID = 25E3E2A127DA655100104852;
					};
				};
			};
			buildConfigurationList = 25E3E29D27DA655100104852 /* Build configuration list for PBXProject "mw-Harvest" */;
			compatibilityVersion = "Xcode 13.0";
			developmentRegion = en;
			hasScannedForEncodings = 0;
			knownRegions = (
				en,
				Base,
				"zh-Hans",
			);
			mainGroup = 25E3E29927DA655100104852;
			packageReferences = (
				250B7E9B27EA2C2A0096E7A9 /* XCRemoteSwiftPackageReference "microsoft-authentication-library-for-objc" */,
				250B7E9E27EA2C5A0096E7A9 /* XCRemoteSwiftPackageReference "SwiftKeychainWrapper" */,
				250B7EA127EA2CE90096E7A9 /* XCRemoteSwiftPackageReference "firebase-ios-sdk" */,
				250B7EAC27EA2E720096E7A9 /* XCRemoteSwiftPackageReference "KVKCalendar" */,
				250829A327F1B9C3006CD4FD /* XCRemoteSwiftPackageReference "Harvester" */,
				2514F38828057B2B004BEB46 /* XCRemoteSwiftPackageReference "Swift-PDF-Generator" */,
			);
			productRefGroup = 25E3E2A327DA655100104852 /* Products */;
			projectDirPath = "";
			projectRoot = "";
			targets = (
				25E3E2A127DA655100104852 /* mw-Harvest */,
				25E3E2BA27DA655300104852 /* mw-HarvestTests */,
				25E3E2C427DA655300104852 /* mw-HarvestUITests */,
			);
		};
/* End PBXProject section */

/* Begin PBXResourcesBuildPhase section */
		25E3E2A027DA655100104852 /* Resources */ = {
			isa = PBXResourcesBuildPhase;
			buildActionMask = 2147483647;
			files = (
				25E3E2B527DA655300104852 /* LaunchScreen.storyboard in Resources */,
				258D6AE927FC4D8400E7D7BA /* InvoiceTableViewCell.xib in Resources */,
				25A0B49728197C6C001E45BD /* ClientTableViewCell.xib in Resources */,
				2577628327DF5201009BE492 /* Cairo-Bold.ttf in Resources */,
				25E3E2B227DA655300104852 /* Assets.xcassets in Resources */,
				2577628227DF5201009BE492 /* Cairo-Regular.ttf in Resources */,
				25E3E2AD27DA655200104852 /* Main.storyboard in Resources */,
				25D758C5280EAFE200BE4C48 /* EventTableViewCell.xib in Resources */,
				258BBC2427E20C98008B23CE /* MoreCollectionViewCell.xib in Resources */,
				250B7E8B27E9E8240096E7A9 /* GoogleService-Info.plist in Resources */,
			);
			runOnlyForDeploymentPostprocessing = 0;
		};
		25E3E2B927DA655300104852 /* Resources */ = {
			isa = PBXResourcesBuildPhase;
			buildActionMask = 2147483647;
			files = (
			);
			runOnlyForDeploymentPostprocessing = 0;
		};
		25E3E2C327DA655300104852 /* Resources */ = {
			isa = PBXResourcesBuildPhase;
			buildActionMask = 2147483647;
			files = (
			);
			runOnlyForDeploymentPostprocessing = 0;
		};
/* End PBXResourcesBuildPhase section */

/* Begin PBXSourcesBuildPhase section */
		25E3E29E27DA655100104852 /* Sources */ = {
			isa = PBXSourcesBuildPhase;
			buildActionMask = 2147483647;
			files = (
				25D758CA281841E300BE4C48 /* ContactAdminViewController.swift in Sources */,
				25C1944927DFA34B00977C49 /* CalendarViewController.swift in Sources */,
				25DA18F227F1D0FB006821C3 /* TaskViewModel.swift in Sources */,
				2588B28B27E0FF7A00E29201 /* EventEditViewController.swift in Sources */,
				258BB65527EB7517001288C5 /* UserManager.swift in Sources */,
				258D6AEB27FC512700E7D7BA /* InvoiceTableViewCell.swift in Sources */,
				25DA18F527F1D79B006821C3 /* Task.swift in Sources */,
				250B7EB027EA3DD40096E7A9 /* ApiService.swift in Sources */,
				2588B28727E0EE1A00E29201 /* CalendarHelper.swift in Sources */,
				258D6AED27FC99DF00E7D7BA /* InvoiceViewController.swift in Sources */,
				25A0B49928197D7E001E45BD /* ClientTableViewCell.swift in Sources */,
				258D6ADB27F4933E00E7D7BA /* TaskView.swift in Sources */,
				250B7E8E27E9F2750096E7A9 /* User.swift in Sources */,
				2588B28F27E103E500E29201 /* Event.swift in Sources */,
				258BBC2627E20CC8008B23CE /* MoreCollectionViewCell.swift in Sources */,
				258D6AE227F5F95300E7D7BA /* NewInvoiceViewController.swift in Sources */,
				25E3E2A627DA655200104852 /* AppDelegate.swift in Sources */,
				258BBC2827E20FF1008B23CE /* MoreViewController.swift in Sources */,
				2588B28427E0EB4B00E29201 /* CalendarCell.swift in Sources */,
				258D6ADF27F49A1500E7D7BA /* ExpensesViewController.swift in Sources */,
				25D758CD281941C600BE4C48 /* ClientViewController.swift in Sources */,
				2514F38E2805C332004BEB46 /* LoginViewController.swift in Sources */,
				258D6AE427FB149200E7D7BA /* Invoice.swift in Sources */,
				25D758C7280EB1A400BE4C48 /* EventTableViewCell.swift in Sources */,
				25DA18F027F1C9BD006821C3 /* test.swift in Sources */,
				250B7EB227EA3EB30096E7A9 /* ProfileViewModel.swift in Sources */,
				25E3E2A827DA655200104852 /* SceneDelegate.swift in Sources */,
				25D758CF28195C7800BE4C48 /* Client.swift in Sources */,
				2588B28927E0F6FF00E29201 /* WeeklyViewController.swift in Sources */,
				25F50E3627F3496000A01228 /* testView.swift in Sources */,
				258BBC2F27E22BD8008B23CE /* ProfileViewController.swift in Sources */,
				25E3E2B027DA655200104852 /* mw_Harvest.xcdatamodeld in Sources */,
				2588B27A27E099D300E29201 /* Constants.swift in Sources */,
				258D6ADD27F4980700E7D7BA /* TaskCardView.swift in Sources */,
			);
			runOnlyForDeploymentPostprocessing = 0;
		};
		25E3E2B727DA655300104852 /* Sources */ = {
			isa = PBXSourcesBuildPhase;
			buildActionMask = 2147483647;
			files = (
				25E3E2C027DA655300104852 /* mw_HarvestTests.swift in Sources */,
			);
			runOnlyForDeploymentPostprocessing = 0;
		};
		25E3E2C127DA655300104852 /* Sources */ = {
			isa = PBXSourcesBuildPhase;
			buildActionMask = 2147483647;
			files = (
				25E3E2CC27DA655300104852 /* mw_HarvestUITestsLaunchTests.swift in Sources */,
				25E3E2CA27DA655300104852 /* mw_HarvestUITests.swift in Sources */,
			);
			runOnlyForDeploymentPostprocessing = 0;
		};
/* End PBXSourcesBuildPhase section */

/* Begin PBXTargetDependency section */
		25E3E2BD27DA655300104852 /* PBXTargetDependency */ = {
			isa = PBXTargetDependency;
			target = 25E3E2A127DA655100104852 /* mw-Harvest */;
			targetProxy = 25E3E2BC27DA655300104852 /* PBXContainerItemProxy */;
		};
		25E3E2C727DA655300104852 /* PBXTargetDependency */ = {
			isa = PBXTargetDependency;
			target = 25E3E2A127DA655100104852 /* mw-Harvest */;
			targetProxy = 25E3E2C627DA655300104852 /* PBXContainerItemProxy */;
		};
/* End PBXTargetDependency section */

/* Begin PBXVariantGroup section */
		25E3E2AB27DA655200104852 /* Main.storyboard */ = {
			isa = PBXVariantGroup;
			children = (
				25E3E2AC27DA655200104852 /* Base */,
			);
			name = Main.storyboard;
			sourceTree = "<group>";
		};
		25E3E2B327DA655300104852 /* LaunchScreen.storyboard */ = {
			isa = PBXVariantGroup;
			children = (
				25E3E2B427DA655300104852 /* Base */,
			);
			name = LaunchScreen.storyboard;
			sourceTree = "<group>";
		};
/* End PBXVariantGroup section */

/* Begin XCBuildConfiguration section */
		25E3E2CD27DA655400104852 /* Debug */ = {
			isa = XCBuildConfiguration;
			buildSettings = {
				ALWAYS_SEARCH_USER_PATHS = NO;
				CLANG_ANALYZER_NONNULL = YES;
				CLANG_ANALYZER_NUMBER_OBJECT_CONVERSION = YES_AGGRESSIVE;
				CLANG_CXX_LANGUAGE_STANDARD = "gnu++17";
				CLANG_ENABLE_MODULES = YES;
				CLANG_ENABLE_OBJC_ARC = YES;
				CLANG_ENABLE_OBJC_WEAK = YES;
				CLANG_WARN_BLOCK_CAPTURE_AUTORELEASING = YES;
				CLANG_WARN_BOOL_CONVERSION = YES;
				CLANG_WARN_COMMA = YES;
				CLANG_WARN_CONSTANT_CONVERSION = YES;
				CLANG_WARN_DEPRECATED_OBJC_IMPLEMENTATIONS = YES;
				CLANG_WARN_DIRECT_OBJC_ISA_USAGE = YES_ERROR;
				CLANG_WARN_DOCUMENTATION_COMMENTS = YES;
				CLANG_WARN_EMPTY_BODY = YES;
				CLANG_WARN_ENUM_CONVERSION = YES;
				CLANG_WARN_INFINITE_RECURSION = YES;
				CLANG_WARN_INT_CONVERSION = YES;
				CLANG_WARN_NON_LITERAL_NULL_CONVERSION = YES;
				CLANG_WARN_OBJC_IMPLICIT_RETAIN_SELF = YES;
				CLANG_WARN_OBJC_LITERAL_CONVERSION = YES;
				CLANG_WARN_OBJC_ROOT_CLASS = YES_ERROR;
				CLANG_WARN_QUOTED_INCLUDE_IN_FRAMEWORK_HEADER = YES;
				CLANG_WARN_RANGE_LOOP_ANALYSIS = YES;
				CLANG_WARN_STRICT_PROTOTYPES = YES;
				CLANG_WARN_SUSPICIOUS_MOVE = YES;
				CLANG_WARN_UNGUARDED_AVAILABILITY = YES_AGGRESSIVE;
				CLANG_WARN_UNREACHABLE_CODE = YES;
				CLANG_WARN__DUPLICATE_METHOD_MATCH = YES;
				COPY_PHASE_STRIP = NO;
				DEBUG_INFORMATION_FORMAT = dwarf;
				ENABLE_STRICT_OBJC_MSGSEND = YES;
				ENABLE_TESTABILITY = YES;
				GCC_C_LANGUAGE_STANDARD = gnu11;
				GCC_DYNAMIC_NO_PIC = NO;
				GCC_NO_COMMON_BLOCKS = YES;
				GCC_OPTIMIZATION_LEVEL = 0;
				GCC_PREPROCESSOR_DEFINITIONS = (
					"DEBUG=1",
					"$(inherited)",
				);
				GCC_WARN_64_TO_32_BIT_CONVERSION = YES;
				GCC_WARN_ABOUT_RETURN_TYPE = YES_ERROR;
				GCC_WARN_UNDECLARED_SELECTOR = YES;
				GCC_WARN_UNINITIALIZED_AUTOS = YES_AGGRESSIVE;
				GCC_WARN_UNUSED_FUNCTION = YES;
				GCC_WARN_UNUSED_VARIABLE = YES;
				IPHONEOS_DEPLOYMENT_TARGET = 15.4;
				MTL_ENABLE_DEBUG_INFO = INCLUDE_SOURCE;
				MTL_FAST_MATH = YES;
				ONLY_ACTIVE_ARCH = YES;
				SDKROOT = iphoneos;
				SWIFT_ACTIVE_COMPILATION_CONDITIONS = DEBUG;
				SWIFT_OPTIMIZATION_LEVEL = "-Onone";
			};
			name = Debug;
		};
		25E3E2CE27DA655400104852 /* Release */ = {
			isa = XCBuildConfiguration;
			buildSettings = {
				ALWAYS_SEARCH_USER_PATHS = NO;
				CLANG_ANALYZER_NONNULL = YES;
				CLANG_ANALYZER_NUMBER_OBJECT_CONVERSION = YES_AGGRESSIVE;
				CLANG_CXX_LANGUAGE_STANDARD = "gnu++17";
				CLANG_ENABLE_MODULES = YES;
				CLANG_ENABLE_OBJC_ARC = YES;
				CLANG_ENABLE_OBJC_WEAK = YES;
				CLANG_WARN_BLOCK_CAPTURE_AUTORELEASING = YES;
				CLANG_WARN_BOOL_CONVERSION = YES;
				CLANG_WARN_COMMA = YES;
				CLANG_WARN_CONSTANT_CONVERSION = YES;
				CLANG_WARN_DEPRECATED_OBJC_IMPLEMENTATIONS = YES;
				CLANG_WARN_DIRECT_OBJC_ISA_USAGE = YES_ERROR;
				CLANG_WARN_DOCUMENTATION_COMMENTS = YES;
				CLANG_WARN_EMPTY_BODY = YES;
				CLANG_WARN_ENUM_CONVERSION = YES;
				CLANG_WARN_INFINITE_RECURSION = YES;
				CLANG_WARN_INT_CONVERSION = YES;
				CLANG_WARN_NON_LITERAL_NULL_CONVERSION = YES;
				CLANG_WARN_OBJC_IMPLICIT_RETAIN_SELF = YES;
				CLANG_WARN_OBJC_LITERAL_CONVERSION = YES;
				CLANG_WARN_OBJC_ROOT_CLASS = YES_ERROR;
				CLANG_WARN_QUOTED_INCLUDE_IN_FRAMEWORK_HEADER = YES;
				CLANG_WARN_RANGE_LOOP_ANALYSIS = YES;
				CLANG_WARN_STRICT_PROTOTYPES = YES;
				CLANG_WARN_SUSPICIOUS_MOVE = YES;
				CLANG_WARN_UNGUARDED_AVAILABILITY = YES_AGGRESSIVE;
				CLANG_WARN_UNREACHABLE_CODE = YES;
				CLANG_WARN__DUPLICATE_METHOD_MATCH = YES;
				COPY_PHASE_STRIP = NO;
				DEBUG_INFORMATION_FORMAT = "dwarf-with-dsym";
				ENABLE_NS_ASSERTIONS = NO;
				ENABLE_STRICT_OBJC_MSGSEND = YES;
				GCC_C_LANGUAGE_STANDARD = gnu11;
				GCC_NO_COMMON_BLOCKS = YES;
				GCC_WARN_64_TO_32_BIT_CONVERSION = YES;
				GCC_WARN_ABOUT_RETURN_TYPE = YES_ERROR;
				GCC_WARN_UNDECLARED_SELECTOR = YES;
				GCC_WARN_UNINITIALIZED_AUTOS = YES_AGGRESSIVE;
				GCC_WARN_UNUSED_FUNCTION = YES;
				GCC_WARN_UNUSED_VARIABLE = YES;
				IPHONEOS_DEPLOYMENT_TARGET = 15.4;
				MTL_ENABLE_DEBUG_INFO = NO;
				MTL_FAST_MATH = YES;
				SDKROOT = iphoneos;
				SWIFT_COMPILATION_MODE = wholemodule;
				SWIFT_OPTIMIZATION_LEVEL = "-O";
				VALIDATE_PRODUCT = YES;
			};
			name = Release;
		};
		25E3E2D027DA655400104852 /* Debug */ = {
			isa = XCBuildConfiguration;
			buildSettings = {
				ASSETCATALOG_COMPILER_APPICON_NAME = AppIcon;
				ASSETCATALOG_COMPILER_GLOBAL_ACCENT_COLOR_NAME = AccentColor;
				CODE_SIGN_STYLE = Automatic;
				CURRENT_PROJECT_VERSION = 1;
				DEVELOPMENT_TEAM = 85TJ6UUY75;
				GENERATE_INFOPLIST_FILE = YES;
				INFOPLIST_FILE = "mw-Harvest/Info.plist";
				INFOPLIST_KEY_UIApplicationSupportsIndirectInputEvents = YES;
				INFOPLIST_KEY_UILaunchStoryboardName = LaunchScreen;
				INFOPLIST_KEY_UIMainStoryboardFile = Main;
				INFOPLIST_KEY_UISupportedInterfaceOrientations_iPad = "UIInterfaceOrientationPortrait UIInterfaceOrientationPortraitUpsideDown UIInterfaceOrientationLandscapeLeft UIInterfaceOrientationLandscapeRight";
				INFOPLIST_KEY_UISupportedInterfaceOrientations_iPhone = "UIInterfaceOrientationPortrait UIInterfaceOrientationLandscapeLeft UIInterfaceOrientationLandscapeRight";
				LD_RUNPATH_SEARCH_PATHS = (
					"$(inherited)",
					"@executable_path/Frameworks",
				);
				MARKETING_VERSION = 1.0;
				PRODUCT_BUNDLE_IDENTIFIER = "com.mw-Harvest";
				PRODUCT_NAME = "$(TARGET_NAME)";
				SWIFT_EMIT_LOC_STRINGS = YES;
				SWIFT_VERSION = 5.0;
				TARGETED_DEVICE_FAMILY = "1,2";
			};
			name = Debug;
		};
		25E3E2D127DA655400104852 /* Release */ = {
			isa = XCBuildConfiguration;
			buildSettings = {
				ASSETCATALOG_COMPILER_APPICON_NAME = AppIcon;
				ASSETCATALOG_COMPILER_GLOBAL_ACCENT_COLOR_NAME = AccentColor;
				CODE_SIGN_STYLE = Automatic;
				CURRENT_PROJECT_VERSION = 1;
				DEVELOPMENT_TEAM = 85TJ6UUY75;
				GENERATE_INFOPLIST_FILE = YES;
				INFOPLIST_FILE = "mw-Harvest/Info.plist";
				INFOPLIST_KEY_UIApplicationSupportsIndirectInputEvents = YES;
				INFOPLIST_KEY_UILaunchStoryboardName = LaunchScreen;
				INFOPLIST_KEY_UIMainStoryboardFile = Main;
				INFOPLIST_KEY_UISupportedInterfaceOrientations_iPad = "UIInterfaceOrientationPortrait UIInterfaceOrientationPortraitUpsideDown UIInterfaceOrientationLandscapeLeft UIInterfaceOrientationLandscapeRight";
				INFOPLIST_KEY_UISupportedInterfaceOrientations_iPhone = "UIInterfaceOrientationPortrait UIInterfaceOrientationLandscapeLeft UIInterfaceOrientationLandscapeRight";
				LD_RUNPATH_SEARCH_PATHS = (
					"$(inherited)",
					"@executable_path/Frameworks",
				);
				MARKETING_VERSION = 1.0;
				PRODUCT_BUNDLE_IDENTIFIER = "com.mw-Harvest";
				PRODUCT_NAME = "$(TARGET_NAME)";
				SWIFT_EMIT_LOC_STRINGS = YES;
				SWIFT_VERSION = 5.0;
				TARGETED_DEVICE_FAMILY = "1,2";
			};
			name = Release;
		};
		25E3E2D327DA655400104852 /* Debug */ = {
			isa = XCBuildConfiguration;
			buildSettings = {
				ALWAYS_EMBED_SWIFT_STANDARD_LIBRARIES = YES;
				BUNDLE_LOADER = "$(TEST_HOST)";
				CODE_SIGN_STYLE = Automatic;
				CURRENT_PROJECT_VERSION = 1;
				GENERATE_INFOPLIST_FILE = YES;
				IPHONEOS_DEPLOYMENT_TARGET = 15.4;
				MARKETING_VERSION = 1.0;
				PRODUCT_BUNDLE_IDENTIFIER = "com.mw-HarvestTests";
				PRODUCT_NAME = "$(TARGET_NAME)";
				SWIFT_EMIT_LOC_STRINGS = NO;
				SWIFT_VERSION = 5.0;
				TARGETED_DEVICE_FAMILY = "1,2";
				TEST_HOST = "$(BUILT_PRODUCTS_DIR)/mw-Harvest.app/mw-Harvest";
			};
			name = Debug;
		};
		25E3E2D427DA655400104852 /* Release */ = {
			isa = XCBuildConfiguration;
			buildSettings = {
				ALWAYS_EMBED_SWIFT_STANDARD_LIBRARIES = YES;
				BUNDLE_LOADER = "$(TEST_HOST)";
				CODE_SIGN_STYLE = Automatic;
				CURRENT_PROJECT_VERSION = 1;
				GENERATE_INFOPLIST_FILE = YES;
				IPHONEOS_DEPLOYMENT_TARGET = 15.4;
				MARKETING_VERSION = 1.0;
				PRODUCT_BUNDLE_IDENTIFIER = "com.mw-HarvestTests";
				PRODUCT_NAME = "$(TARGET_NAME)";
				SWIFT_EMIT_LOC_STRINGS = NO;
				SWIFT_VERSION = 5.0;
				TARGETED_DEVICE_FAMILY = "1,2";
				TEST_HOST = "$(BUILT_PRODUCTS_DIR)/mw-Harvest.app/mw-Harvest";
			};
			name = Release;
		};
		25E3E2D627DA655400104852 /* Debug */ = {
			isa = XCBuildConfiguration;
			buildSettings = {
				ALWAYS_EMBED_SWIFT_STANDARD_LIBRARIES = YES;
				CODE_SIGN_STYLE = Automatic;
				CURRENT_PROJECT_VERSION = 1;
				GENERATE_INFOPLIST_FILE = YES;
				MARKETING_VERSION = 1.0;
				PRODUCT_BUNDLE_IDENTIFIER = "com.mw-HarvestUITests";
				PRODUCT_NAME = "$(TARGET_NAME)";
				SWIFT_EMIT_LOC_STRINGS = NO;
				SWIFT_VERSION = 5.0;
				TARGETED_DEVICE_FAMILY = "1,2";
				TEST_TARGET_NAME = "mw-Harvest";
			};
			name = Debug;
		};
		25E3E2D727DA655400104852 /* Release */ = {
			isa = XCBuildConfiguration;
			buildSettings = {
				ALWAYS_EMBED_SWIFT_STANDARD_LIBRARIES = YES;
				CODE_SIGN_STYLE = Automatic;
				CURRENT_PROJECT_VERSION = 1;
				GENERATE_INFOPLIST_FILE = YES;
				MARKETING_VERSION = 1.0;
				PRODUCT_BUNDLE_IDENTIFIER = "com.mw-HarvestUITests";
				PRODUCT_NAME = "$(TARGET_NAME)";
				SWIFT_EMIT_LOC_STRINGS = NO;
				SWIFT_VERSION = 5.0;
				TARGETED_DEVICE_FAMILY = "1,2";
				TEST_TARGET_NAME = "mw-Harvest";
			};
			name = Release;
		};
/* End XCBuildConfiguration section */

/* Begin XCConfigurationList section */
		25E3E29D27DA655100104852 /* Build configuration list for PBXProject "mw-Harvest" */ = {
			isa = XCConfigurationList;
			buildConfigurations = (
				25E3E2CD27DA655400104852 /* Debug */,
				25E3E2CE27DA655400104852 /* Release */,
			);
			defaultConfigurationIsVisible = 0;
			defaultConfigurationName = Release;
		};
		25E3E2CF27DA655400104852 /* Build configuration list for PBXNativeTarget "mw-Harvest" */ = {
			isa = XCConfigurationList;
			buildConfigurations = (
				25E3E2D027DA655400104852 /* Debug */,
				25E3E2D127DA655400104852 /* Release */,
			);
			defaultConfigurationIsVisible = 0;
			defaultConfigurationName = Release;
		};
		25E3E2D227DA655400104852 /* Build configuration list for PBXNativeTarget "mw-HarvestTests" */ = {
			isa = XCConfigurationList;
			buildConfigurations = (
				25E3E2D327DA655400104852 /* Debug */,
				25E3E2D427DA655400104852 /* Release */,
			);
			defaultConfigurationIsVisible = 0;
			defaultConfigurationName = Release;
		};
		25E3E2D527DA655400104852 /* Build configuration list for PBXNativeTarget "mw-HarvestUITests" */ = {
			isa = XCConfigurationList;
			buildConfigurations = (
				25E3E2D627DA655400104852 /* Debug */,
				25E3E2D727DA655400104852 /* Release */,
			);
			defaultConfigurationIsVisible = 0;
			defaultConfigurationName = Release;
		};
/* End XCConfigurationList section */

/* Begin XCRemoteSwiftPackageReference section */
		250829A327F1B9C3006CD4FD /* XCRemoteSwiftPackageReference "Harvester" */ = {
			isa = XCRemoteSwiftPackageReference;
			repositoryURL = "https://github.com/tin-whistle/Harvester.git";
			requirement = {
				branch = master;
				kind = branch;
			};
		};
		250B7E9B27EA2C2A0096E7A9 /* XCRemoteSwiftPackageReference "microsoft-authentication-library-for-objc" */ = {
			isa = XCRemoteSwiftPackageReference;
			repositoryURL = "https://github.com/AzureAD/microsoft-authentication-library-for-objc";
			requirement = {
				branch = dev;
				kind = branch;
			};
		};
		250B7E9E27EA2C5A0096E7A9 /* XCRemoteSwiftPackageReference "SwiftKeychainWrapper" */ = {
			isa = XCRemoteSwiftPackageReference;
			repositoryURL = "https://github.com/jrendel/SwiftKeychainWrapper";
			requirement = {
				branch = develop;
				kind = branch;
			};
		};
		250B7EA127EA2CE90096E7A9 /* XCRemoteSwiftPackageReference "firebase-ios-sdk" */ = {
			isa = XCRemoteSwiftPackageReference;
			repositoryURL = "https://github.com/firebase/firebase-ios-sdk";
			requirement = {
				kind = upToNextMajorVersion;
				minimumVersion = 8.0.0;
			};
		};
		250B7EAC27EA2E720096E7A9 /* XCRemoteSwiftPackageReference "KVKCalendar" */ = {
			isa = XCRemoteSwiftPackageReference;
			repositoryURL = "https://github.com/kvyatkovskys/KVKCalendar.git";
			requirement = {
				kind = upToNextMajorVersion;
				minimumVersion = 0.5.9;
			};
		};
		2514F38828057B2B004BEB46 /* XCRemoteSwiftPackageReference "Swift-PDF-Generator" */ = {
			isa = XCRemoteSwiftPackageReference;
			repositoryURL = "https://github.com/wearesurge/Swift-PDF-Generator.git";
			requirement = {
				kind = upToNextMajorVersion;
				minimumVersion = 0.1.2;
			};
		};
/* End XCRemoteSwiftPackageReference section */

/* Begin XCSwiftPackageProductDependency section */
		250829A427F1B9C4006CD4FD /* Harvester */ = {
			isa = XCSwiftPackageProductDependency;
			package = 250829A327F1B9C3006CD4FD /* XCRemoteSwiftPackageReference "Harvester" */;
			productName = Harvester;
		};
		250B7E9C27EA2C2A0096E7A9 /* MSAL */ = {
			isa = XCSwiftPackageProductDependency;
			package = 250B7E9B27EA2C2A0096E7A9 /* XCRemoteSwiftPackageReference "microsoft-authentication-library-for-objc" */;
			productName = MSAL;
		};
		250B7E9F27EA2C5A0096E7A9 /* SwiftKeychainWrapper */ = {
			isa = XCSwiftPackageProductDependency;
			package = 250B7E9E27EA2C5A0096E7A9 /* XCRemoteSwiftPackageReference "SwiftKeychainWrapper" */;
			productName = SwiftKeychainWrapper;
		};
		250B7EA227EA2CE90096E7A9 /* FirebaseAnalytics */ = {
			isa = XCSwiftPackageProductDependency;
			package = 250B7EA127EA2CE90096E7A9 /* XCRemoteSwiftPackageReference "firebase-ios-sdk" */;
			productName = FirebaseAnalytics;
		};
		250B7EA427EA2CE90096E7A9 /* FirebaseAnalyticsSwift-Beta */ = {
			isa = XCSwiftPackageProductDependency;
			package = 250B7EA127EA2CE90096E7A9 /* XCRemoteSwiftPackageReference "firebase-ios-sdk" */;
			productName = "FirebaseAnalyticsSwift-Beta";
		};
		250B7EA627EA2CE90096E7A9 /* FirebaseDatabase */ = {
			isa = XCSwiftPackageProductDependency;
			package = 250B7EA127EA2CE90096E7A9 /* XCRemoteSwiftPackageReference "firebase-ios-sdk" */;
			productName = FirebaseDatabase;
		};
		250B7EA827EA2CE90096E7A9 /* FirebaseDatabaseSwift-Beta */ = {
			isa = XCSwiftPackageProductDependency;
			package = 250B7EA127EA2CE90096E7A9 /* XCRemoteSwiftPackageReference "firebase-ios-sdk" */;
			productName = "FirebaseDatabaseSwift-Beta";
		};
		250B7EAA27EA2CE90096E7A9 /* FirebaseFirestore */ = {
			isa = XCSwiftPackageProductDependency;
			package = 250B7EA127EA2CE90096E7A9 /* XCRemoteSwiftPackageReference "firebase-ios-sdk" */;
			productName = FirebaseFirestore;
		};
		250B7EAD27EA2E720096E7A9 /* KVKCalendar */ = {
			isa = XCSwiftPackageProductDependency;
			package = 250B7EAC27EA2E720096E7A9 /* XCRemoteSwiftPackageReference "KVKCalendar" */;
			productName = KVKCalendar;
		};
		2514F38928057B2C004BEB46 /* PDF-Generator */ = {
			isa = XCSwiftPackageProductDependency;
			package = 2514F38828057B2B004BEB46 /* XCRemoteSwiftPackageReference "Swift-PDF-Generator" */;
			productName = "PDF-Generator";
		};
/* End XCSwiftPackageProductDependency section */

/* Begin XCVersionGroup section */
		25E3E2AE27DA655200104852 /* mw_Harvest.xcdatamodeld */ = {
			isa = XCVersionGroup;
			children = (
				25E3E2AF27DA655200104852 /* mw_Harvest.xcdatamodel */,
			);
			currentVersion = 25E3E2AF27DA655200104852 /* mw_Harvest.xcdatamodel */;
			path = mw_Harvest.xcdatamodeld;
			sourceTree = "<group>";
			versionGroupType = wrapper.xcdatamodel;
		};
/* End XCVersionGroup section */
	};
	rootObject = 25E3E29A27DA655100104852 /* Project object */;
}
